{
  "nodes": {
    "home-manager": {
      "inputs": {
        "nixpkgs": [
          "zen-browser",
          "nixpkgs"
        ]
      },
      "locked": {
        "lastModified": 1780515920,
        "narHash": "sha256-8KX2hEeOX6KP3hBBJJI8dGWVrzbOOf1rBPmg/GUG24U=",
        "owner": "nix-community",
        "repo": "home-manager",
        "rev": "4c5c1e8ba14f1c7475fa31ff11bc1c19cd220974",
        "type": "github"
      },
      "original": {
        "owner": "nix-community",
        "repo": "home-manager",
        "type": "github"
      }
    },
    "kmonad": {
      "inputs": {
        "nixpkgs": [
          "nixpkgs"
        ]
      },
      "locked": {
        "dir": "nix",
        "lastModified": 1778851202,
        "narHash": "sha256-UB1NEkB++msUFouWmCV5TA3b/XE+R6poeCRCnoUOpf0=",
        "owner": "kmonad",
        "repo": "kmonad",
        "rev": "8a88da3c2b6680fe77e77785ab527ff98f6a37ae",
        "type": "github"
      },
      "original": {
        "dir": "nix",
        "owner": "kmonad",
        "repo": "kmonad",
        "type": "github"
      }
    },
    "nixpkgs": {
      "locked": {
        "lastModified": 1780749050,
        "narHash": "sha256-3av0pIjlOWQ6rDbNOmpUSvbNnJkGORQKKjb4LtCZsIY=",
        "owner": "nixos",
        "repo": "nixpkgs",
        "rev": "a799d3e3886da994fa307f817a6bc705ae538eeb",
        "type": "github"
      },
      "original": {
        "owner": "nixos",
        "ref": "nixos-unstable",
        "repo": "nixpkgs",
        "type": "github"
      }
    },
    "root": {
      "inputs": {
        "kmonad": "kmonad",
        "nixpkgs": "nixpkgs",
        "rust-overlay": "rust-overlay",
        "zen-browser": "zen-browser"
      }
    },
    "rust-overlay": {
      "inputs": {
        "nixpkgs": [
          "nixpkgs"
        ]
      },
      "locked": {
        "lastModified": 1780888890,
        "narHash": "sha256-MUQPFiskEENaJ2N82TRIqpKlHXGXJJkPfKH6W788oQo=",
        "owner": "oxalica",
        "repo": "rust-overlay",
        "rev": "7d5f8d75fc195a236b46633d7679139698aeb35f",
        "type": "github"
      },
      "original": {
        "owner": "oxalica",
        "repo": "rust-overlay",
        "type": "github"
      }
    },
    "zen-browser": {
      "inputs": {
        "home-manager": "home-manager",
        "nixpkgs": [
          "nixpkgs"
        ]
      },
      "locked": {
        "lastModified": 1780844008,
        "narHash": "sha256-o0qkBlySSsbA9ZCOb36Sysy4RD92k1McPIa6Whri14o=",
        "owner": "0xc000022070",
        "repo": "zen-browser-flake",
        "rev": "dbbb396d52d2746505017e5d84d87e4f333df085",
        "type": "github"
      },
      "original": {
        "owner": "0xc000022070",
        "repo": "zen-browser-flake",
        "type": "github"
      }
    }
  },
  "root": "root",
  "version": 7
}
